
Microsoft Visual Studio Solution File, Format Version 12.00
# Visual Studio 15
VisualStudioVersion = 15.0.27130.2036
MinimumVisualStudioVersion = 10.0.40219.1
Project("{8BC9CEB8-8B4A-11D0-8D11-00A0C91BC942}") = "Session 1 - Sockets UDP - Client", "Session 1 - Sockets UDP - Client\Session 1 - Sockets UDP - Client.vcxproj", "{F42E707F-CD5A-4608-BB7C-057D46BB8C47}"
EndProject
Project("{8BC9CEB8-8B4A-11D0-8D11-00A0C91BC942}") = "Session 1 - Sockets UDP - Server", "Session 1 - Sockets UDP - Server\Session 1 - Sockets UDP - Server.vcxproj", "{851A9291-CF53-48EA-B468-1DA142F4B5C0}"
EndProject
Global
	GlobalSection(SolutionConfigurationPlatforms) = preSolution
		Debug|x64 = Debug|x64
		Debug|x86 = Debug|x86
		Release|x64 = Release|x64
		Release|x86 = Release|x86
	EndGlobalSection
	GlobalSection(ProjectConfigurationPlatforms) = postSolution
		{F42E707F-CD5A-4608-BB7C-057D46BB8C47}.Debug|x64.ActiveCfg = Debug|x64
		{F42E707F-CD5A-4608-BB7C-057D46BB8C47}.Debug|x64.Build.0 = Debug|x64
		{F42E707F-CD5A-4608-BB7C-057D46BB8C47}.Debug|x86.ActiveCfg = Debug|Win32
		{F42E707F-CD5A-4608-BB7C-057D46BB8C47}.Debug|x86.Build.0 = Debug|Win32
		{F42E707F-CD5A-4608-BB7C-057D46BB8C47}.Release|x64.ActiveCfg = Release|x64
		{F42E707F-CD5A-4608-BB7C-057D46BB8C47}.Release|x64.Build.0 = Release|x64
		{F42E707F-CD5A-4608-BB7C-057D46BB8C47}.Release|x86.ActiveCfg = Release|Win32
		{F42E707F-CD5A-4608-BB7C-057D46BB8C47}.Release|x86.Build.0 = Release|Win32
		{851A9291-CF53-48EA-B468-1DA142F4B5C0}.Debug|x64.ActiveCfg = Debug|x64
		{851A9291-CF53-48EA-B468-1DA142F4B5C0}.Debug|x64.Build.0 = Debug|x64
		{851A9291-CF53-48EA-B468-1DA142F4B5C0}.Debug|x86.ActiveCfg = Debug|Win32
		{851A9291-CF53-48EA-B468-1DA142F4B5C0}.Debug|x86.Build.0 = Debug|Win32
		{851A9291-CF53-48EA-B468-1DA142F4B5C0}.Release|x64.ActiveCfg = Release|x64
		{851A9291-CF53-48EA-B468-1DA142F4B5C0}.Release|x64.Build.0 = Release|x64
		{851A9291-CF53-48EA-B468-1DA142F4B5C0}.Release|x86.ActiveCfg = Release|Win32
		{851A9291-CF53-48EA-B468-1DA142F4B5C0}.Release|x86.Build.0 = Release|Win32
	EndGlobalSection
	GlobalSection(SolutionProperties) = preSolution
		HideSolutionNode = FALSE
	EndGlobalSection
	GlobalSection(ExtensibilityGlobals) = postSolution
		SolutionGuid = {0696791A-09FD-4FD3-93C5-D9B0A2777832}
	EndGlobalSection
EndGlobal
